
Microsoft Visual Studio Solution File, Format Version 12.00
Project("{FAE04EC0-301F-11D3-BF4B-00C04F79EFBC}") = "GameManagement", "GameManagement\GameManagement.csproj", "{19DEA9F0-7AE8-4D3C-917B-CD368CC43C8E}"
EndProject
Project("{FAE04EC0-301F-11D3-BF4B-00C04F79EFBC}") = "GameManagement.Tests", "GameManagement.Tests\GameManagement.Tests.csproj", "{55A29AEA-C33A-4519-848A-7429BA9B414F}"
EndProject
Global
	GlobalSection(SolutionConfigurationPlatforms) = preSolution
		Debug|Any CPU = Debug|Any CPU
		Release|Any CPU = Release|Any CPU
	EndGlobalSection
	GlobalSection(ProjectConfigurationPlatforms) = postSolution
		{19DEA9F0-7AE8-4D3C-917B-CD368CC43C8E}.Debug|Any CPU.ActiveCfg = Debug|Any CPU
		{19DEA9F0-7AE8-4D3C-917B-CD368CC43C8E}.Debug|Any CPU.Build.0 = Debug|Any CPU
		{19DEA9F0-7AE8-4D3C-917B-CD368CC43C8E}.Release|Any CPU.ActiveCfg = Release|Any CPU
		{19DEA9F0-7AE8-4D3C-917B-CD368CC43C8E}.Release|Any CPU.Build.0 = Release|Any CPU
		{55A29AEA-C33A-4519-848A-7429BA9B414F}.Debug|Any CPU.ActiveCfg = Debug|Any CPU
		{55A29AEA-C33A-4519-848A-7429BA9B414F}.Debug|Any CPU.Build.0 = Debug|Any CPU
		{55A29AEA-C33A-4519-848A-7429BA9B414F}.Release|Any CPU.ActiveCfg = Release|Any CPU
		{55A29AEA-C33A-4519-848A-7429BA9B414F}.Release|Any CPU.Build.0 = Release|Any CPU
	EndGlobalSection
EndGlobal
